
Microsoft Visual Studio Solution File, Format Version 11.00
# Visual Studio 2010
Project("{FAE04EC0-301F-11D3-BF4B-00C04F79EFBC}") = "Guestbook Web Service", "Guestbook Web Service\Guestbook Web Service.csproj", "{B7D2F277-136C-428F-9C0A-D316769C10A6}"
EndProject
Project("{FAE04EC0-301F-11D3-BF4B-00C04F79EFBC}") = "Guestbook Web Service Tester", "Guestbook Web Service Tester\Guestbook Web Service Tester.csproj", "{94FB12BB-6B11-4796-8F24-6D38FE5B6610}"
	ProjectSection(ProjectDependencies) = postProject
		{B7D2F277-136C-428F-9C0A-D316769C10A6} = {B7D2F277-136C-428F-9C0A-D316769C10A6}
	EndProjectSection
EndProject
Global
	GlobalSection(SolutionConfigurationPlatforms) = preSolution
		Debug|Any CPU = Debug|Any CPU
		Debug|Mixed Platforms = Debug|Mixed Platforms
		Debug|x86 = Debug|x86
		Release|Any CPU = Release|Any CPU
		Release|Mixed Platforms = Release|Mixed Platforms
		Release|x86 = Release|x86
	EndGlobalSection
	GlobalSection(ProjectConfigurationPlatforms) = postSolution
		{B7D2F277-136C-428F-9C0A-D316769C10A6}.Debug|Any CPU.ActiveCfg = Debug|Any CPU
		{B7D2F277-136C-428F-9C0A-D316769C10A6}.Debug|Any CPU.Build.0 = Debug|Any CPU
		{B7D2F277-136C-428F-9C0A-D316769C10A6}.Debug|Mixed Platforms.ActiveCfg = Debug|Any CPU
		{B7D2F277-136C-428F-9C0A-D316769C10A6}.Debug|Mixed Platforms.Build.0 = Debug|Any CPU
		{B7D2F277-136C-428F-9C0A-D316769C10A6}.Debug|x86.ActiveCfg = Debug|Any CPU
		{B7D2F277-136C-428F-9C0A-D316769C10A6}.Release|Any CPU.ActiveCfg = Release|Any CPU
		{B7D2F277-136C-428F-9C0A-D316769C10A6}.Release|Any CPU.Build.0 = Release|Any CPU
		{B7D2F277-136C-428F-9C0A-D316769C10A6}.Release|Mixed Platforms.ActiveCfg = Release|Any CPU
		{B7D2F277-136C-428F-9C0A-D316769C10A6}.Release|Mixed Platforms.Build.0 = Release|Any CPU
		{B7D2F277-136C-428F-9C0A-D316769C10A6}.Release|x86.ActiveCfg = Release|Any CPU
		{94FB12BB-6B11-4796-8F24-6D38FE5B6610}.Debug|Any CPU.ActiveCfg = Debug|x86
		{94FB12BB-6B11-4796-8F24-6D38FE5B6610}.Debug|Mixed Platforms.ActiveCfg = Debug|x86
		{94FB12BB-6B11-4796-8F24-6D38FE5B6610}.Debug|Mixed Platforms.Build.0 = Debug|x86
		{94FB12BB-6B11-4796-8F24-6D38FE5B6610}.Debug|x86.ActiveCfg = Debug|x86
		{94FB12BB-6B11-4796-8F24-6D38FE5B6610}.Debug|x86.Build.0 = Debug|x86
		{94FB12BB-6B11-4796-8F24-6D38FE5B6610}.Release|Any CPU.ActiveCfg = Release|x86
		{94FB12BB-6B11-4796-8F24-6D38FE5B6610}.Release|Mixed Platforms.ActiveCfg = Release|x86
		{94FB12BB-6B11-4796-8F24-6D38FE5B6610}.Release|Mixed Platforms.Build.0 = Release|x86
		{94FB12BB-6B11-4796-8F24-6D38FE5B6610}.Release|x86.ActiveCfg = Release|x86
		{94FB12BB-6B11-4796-8F24-6D38FE5B6610}.Release|x86.Build.0 = Release|x86
	EndGlobalSection
	GlobalSection(SolutionProperties) = preSolution
		HideSolutionNode = FALSE
	EndGlobalSection
EndGlobal
